
Microsoft Visual Studio Solution File, Format Version 12.00
# Visual Studio Version 16
VisualStudioVersion = 16.0.30114.105
MinimumVisualStudioVersion = 10.0.40219.1
Project("{2150E333-8FDC-42A3-9474-1A3956D46DE8}") = "src", "src", "{E71672C4-89CB-44F3-A10D-665A5DFBEBB7}"
EndProject
Project("{FAE04EC0-301F-11D3-BF4B-00C04F79EFBC}") = "Program", "src\Program\Program.csproj", "{AD841A4B-ABC6-446B-A154-DD8A9F9E3212}"
EndProject
Project("{FAE04EC0-301F-11D3-BF4B-00C04F79EFBC}") = "test", "test\test.csproj", "{A4B2FADE-3A7E-4C5B-9DE8-8AC6BF416939}"
EndProject
Global
	GlobalSection(SolutionConfigurationPlatforms) = preSolution
		Debug|Any CPU = Debug|Any CPU
		Release|Any CPU = Release|Any CPU
	EndGlobalSection
	GlobalSection(SolutionProperties) = preSolution
		HideSolutionNode = FALSE
	EndGlobalSection
	GlobalSection(ProjectConfigurationPlatforms) = postSolution
		{AD841A4B-ABC6-446B-A154-DD8A9F9E3212}.Debug|Any CPU.ActiveCfg = Debug|Any CPU
		{AD841A4B-ABC6-446B-A154-DD8A9F9E3212}.Debug|Any CPU.Build.0 = Debug|Any CPU
		{AD841A4B-ABC6-446B-A154-DD8A9F9E3212}.Release|Any CPU.ActiveCfg = Release|Any CPU
		{AD841A4B-ABC6-446B-A154-DD8A9F9E3212}.Release|Any CPU.Build.0 = Release|Any CPU
		{A4B2FADE-3A7E-4C5B-9DE8-8AC6BF416939}.Debug|Any CPU.ActiveCfg = Debug|Any CPU
		{A4B2FADE-3A7E-4C5B-9DE8-8AC6BF416939}.Debug|Any CPU.Build.0 = Debug|Any CPU
		{A4B2FADE-3A7E-4C5B-9DE8-8AC6BF416939}.Release|Any CPU.ActiveCfg = Release|Any CPU
		{A4B2FADE-3A7E-4C5B-9DE8-8AC6BF416939}.Release|Any CPU.Build.0 = Release|Any CPU
	EndGlobalSection
	GlobalSection(NestedProjects) = preSolution
		{AD841A4B-ABC6-446B-A154-DD8A9F9E3212} = {E71672C4-89CB-44F3-A10D-665A5DFBEBB7}
	EndGlobalSection
EndGlobal
